
Microsoft Visual Studio Solution File, Format Version 12.00
# Visual Studio 15
Project("{FAE04EC0-301F-11D3-BF4B-00C04F79EFBC}") = "Assembly-CSharp", "Assembly-CSharp.csproj", "{1CE483CE-BA13-A577-6445-587BA34767FA}"
EndProject
Project("{FAE04EC0-301F-11D3-BF4B-00C04F79EFBC}") = "Assembly-CSharp-Editor", "Assembly-CSharp-Editor.csproj", "{E1614562-806E-6749-E769-DF59BB06BE75}"
EndProject
Global
	GlobalSection(SolutionConfigurationPlatforms) = preSolution
		Debug|Any CPU = Debug|Any CPU
		Release|Any CPU = Release|Any CPU
	EndGlobalSection
	GlobalSection(ProjectConfigurationPlatforms) = postSolution
		{1CE483CE-BA13-A577-6445-587BA34767FA}.Debug|Any CPU.ActiveCfg = Debug|Any CPU
		{1CE483CE-BA13-A577-6445-587BA34767FA}.Debug|Any CPU.Build.0 = Debug|Any CPU
		{1CE483CE-BA13-A577-6445-587BA34767FA}.Release|Any CPU.ActiveCfg = Release|Any CPU
		{1CE483CE-BA13-A577-6445-587BA34767FA}.Release|Any CPU.Build.0 = Release|Any CPU
		{E1614562-806E-6749-E769-DF59BB06BE75}.Debug|Any CPU.ActiveCfg = Debug|Any CPU
		{E1614562-806E-6749-E769-DF59BB06BE75}.Debug|Any CPU.Build.0 = Debug|Any CPU
		{E1614562-806E-6749-E769-DF59BB06BE75}.Release|Any CPU.ActiveCfg = Release|Any CPU
		{E1614562-806E-6749-E769-DF59BB06BE75}.Release|Any CPU.Build.0 = Release|Any CPU
	EndGlobalSection
	GlobalSection(SolutionProperties) = preSolution
		HideSolutionNode = FALSE
	EndGlobalSection
EndGlobal
